// !$*UTF8*$!
{
	archiveVersion = 1;
	classes = {
	};
	objectVersion = 46;
	objects = {

/* Begin PBXBuildFile section */
		47C58853193647E700BFF563 /* White-Background-Xtra.jpg in Resources */ = {isa = PBXBuildFile; fileRef = 47C58852193647E700BFF563 /* White-Background-Xtra.jpg */; };
		47C75B5F192FAB0B00995809 /* SetCardDeck.m in Sources */ = {isa = PBXBuildFile; fileRef = 47C75B5C192FAB0B00995809 /* SetCardDeck.m */; };
		47C75B60192FAB0B00995809 /* SetCard.m in Sources */ = {isa = PBXBuildFile; fileRef = 47C75B5E192FAB0B00995809 /* SetCard.m */; };
		47C75B63192FAB6A00995809 /* SettingsViewController.m in Sources */ = {isa = PBXBuildFile; fileRef = 47C75B62192FAB6A00995809 /* SettingsViewController.m */; };
		47C75B78192FAD0B00995809 /* blueplaid.jpg.png in Resources */ = {isa = PBXBuildFile; fileRef = 47C75B65192FAD0B00995809 /* blueplaid.jpg.png */; };
		47C75B79192FAD0B00995809 /* checked.png in Resources */ = {isa = PBXBuildFile; fileRef = 47C75B66192FAD0B00995809 /* checked.png */; };
		47C75B89192FAD0B00995809 /* unchecked.png in Resources */ = {isa = PBXBuildFile; fileRef = 47C75B76192FAD0B00995809 /* unchecked.png */; };
		47C75B9819319E3900995809 /* home.png in Resources */ = {isa = PBXBuildFile; fileRef = 47C75B9719319E3900995809 /* home.png */; };
		47C75B9A1931A3FB00995809 /* defaults.plist in Resources */ = {isa = PBXBuildFile; fileRef = 47C75B991931A3FB00995809 /* defaults.plist */; };
		47C75BA61932D4D000995809 /* images.jpeg in Resources */ = {isa = PBXBuildFile; fileRef = 47C75B9D1932D4D000995809 /* images.jpeg */; };
		47C75BA81932D4D000995809 /* VBColorPicker-Info.plist in Resources */ = {isa = PBXBuildFile; fileRef = 47C75BA01932D4D000995809 /* VBColorPicker-Info.plist */; };
		47C75BA91932D4D000995809 /* VBColorPicker.m in Sources */ = {isa = PBXBuildFile; fileRef = 47C75BA21932D4D000995809 /* VBColorPicker.m */; };
		47C75BAA1932D4D000995809 /* ColorPickerViewController.m in Sources */ = {isa = PBXBuildFile; fileRef = 47C75BA41932D4D000995809 /* ColorPickerViewController.m */; };
		8D42798C18EC6C8C00844EA6 /* Foundation.framework in Frameworks */ = {isa = PBXBuildFile; fileRef = 8D42798B18EC6C8C00844EA6 /* Foundation.framework */; };
		8D42798E18EC6C8C00844EA6 /* CoreGraphics.framework in Frameworks */ = {isa = PBXBuildFile; fileRef = 8D42798D18EC6C8C00844EA6 /* CoreGraphics.framework */; };
		8D42799018EC6C8C00844EA6 /* UIKit.framework in Frameworks */ = {isa = PBXBuildFile; fileRef = 8D42798F18EC6C8C00844EA6 /* UIKit.framework */; };
		8D42799618EC6C8C00844EA6 /* InfoPlist.strings in Resources */ = {isa = PBXBuildFile; fileRef = 8D42799418EC6C8C00844EA6 /* InfoPlist.strings */; };
		8D42799818EC6C8C00844EA6 /* main.m in Sources */ = {isa = PBXBuildFile; fileRef = 8D42799718EC6C8C00844EA6 /* main.m */; };
		8D42799C18EC6C8C00844EA6 /* XYZAppDelegate.m in Sources */ = {isa = PBXBuildFile; fileRef = 8D42799B18EC6C8C00844EA6 /* XYZAppDelegate.m */; };
		8D42799F18EC6C8C00844EA6 /* Main.storyboard in Resources */ = {isa = PBXBuildFile; fileRef = 8D42799D18EC6C8C00844EA6 /* Main.storyboard */; };
		8D4279A418EC6C8C00844EA6 /* Images.xcassets in Resources */ = {isa = PBXBuildFile; fileRef = 8D4279A318EC6C8C00844EA6 /* Images.xcassets */; };
		8D4279AB18EC6C8C00844EA6 /* XCTest.framework in Frameworks */ = {isa = PBXBuildFile; fileRef = 8D4279AA18EC6C8C00844EA6 /* XCTest.framework */; };
		8D4279AC18EC6C8C00844EA6 /* Foundation.framework in Frameworks */ = {isa = PBXBuildFile; fileRef = 8D42798B18EC6C8C00844EA6 /* Foundation.framework */; };
		8D4279AD18EC6C8C00844EA6 /* UIKit.framework in Frameworks */ = {isa = PBXBuildFile; fileRef = 8D42798F18EC6C8C00844EA6 /* UIKit.framework */; };
		8D4279B518EC6C8C00844EA6 /* InfoPlist.strings in Resources */ = {isa = PBXBuildFile; fileRef = 8D4279B318EC6C8C00844EA6 /* InfoPlist.strings */; };
		8D4279B718EC6C8C00844EA6 /* SetTests.m in Sources */ = {isa = PBXBuildFile; fileRef = 8D4279B618EC6C8C00844EA6 /* SetTests.m */; };
		8D67F58E18F496EA00357359 /* XYZplayGame.m in Sources */ = {isa = PBXBuildFile; fileRef = 8D67F58D18F496EA00357359 /* XYZplayGame.m */; };
		8D96674D18F8652300A9ED5B /* XYZhowToPlay.m in Sources */ = {isa = PBXBuildFile; fileRef = 8D96674C18F8652300A9ED5B /* XYZhowToPlay.m */; };
		B84181EA191D483500FBC95A /* MainMenuViewController.m in Sources */ = {isa = PBXBuildFile; fileRef = B84181E9191D483500FBC95A /* MainMenuViewController.m */; };
/* End PBXBuildFile section */

/* Begin PBXContainerItemProxy section */
		8D4279AE18EC6C8C00844EA6 /* PBXContainerItemProxy */ = {
			isa = PBXContainerItemProxy;
			containerPortal = 8D42798018EC6C8C00844EA6 /* Project object */;
			proxyType = 1;
			remoteGlobalIDString = 8D42798718EC6C8C00844EA6;
			remoteInfo = Set;
		};
/* End PBXContainerItemProxy section */

/* Begin PBXFileReference section */
		47C58852193647E700BFF563 /* White-Background-Xtra.jpg */ = {isa = PBXFileReference; lastKnownFileType = image.jpeg; name = "White-Background-Xtra.jpg"; path = "../photos-2/White-Background-Xtra.jpg"; sourceTree = "<group>"; };
		47C75B5B192FAB0B00995809 /* SetCardDeck.h */ = {isa = PBXFileReference; fileEncoding = 4; lastKnownFileType = sourcecode.c.h; name = SetCardDeck.h; path = "../../../Documents/iPhone apps/CardGame/CardGame/SetCardDeck.h"; sourceTree = "<group>"; };
		47C75B5C192FAB0B00995809 /* SetCardDeck.m */ = {isa = PBXFileReference; fileEncoding = 4; lastKnownFileType = sourcecode.c.objc; name = SetCardDeck.m; path = "../../../Documents/iPhone apps/CardGame/CardGame/SetCardDeck.m"; sourceTree = "<group>"; };
		47C75B5D192FAB0B00995809 /* SetCard.h */ = {isa = PBXFileReference; fileEncoding = 4; lastKnownFileType = sourcecode.c.h; name = SetCard.h; path = "../../../Documents/iPhone apps/CardGame/SetCard.h"; sourceTree = "<group>"; };
		47C75B5E192FAB0B00995809 /* SetCard.m */ = {isa = PBXFileReference; fileEncoding = 4; lastKnownFileType = sourcecode.c.objc; name = SetCard.m; path = "../../../Documents/iPhone apps/CardGame/SetCard.m"; sourceTree = "<group>"; };
		47C75B61192FAB6A00995809 /* SettingsViewController.h */ = {isa = PBXFileReference; fileEncoding = 4; lastKnownFileType = sourcecode.c.h; name = SettingsViewController.h; path = "../../../Documents/iPhone apps/CardGame/CardGame/SettingsViewController.h"; sourceTree = "<group>"; };
		47C75B62192FAB6A00995809 /* SettingsViewController.m */ = {isa = PBXFileReference; fileEncoding = 4; lastKnownFileType = sourcecode.c.objc; name = SettingsViewController.m; path = "../../../Documents/iPhone apps/CardGame/CardGame/SettingsViewController.m"; sourceTree = "<group>"; };
		47C75B65192FAD0B00995809 /* blueplaid.jpg.png */ = {isa = PBXFileReference; lastKnownFileType = image.png; name = blueplaid.jpg.png; path = "../photos-2/blueplaid.jpg.png"; sourceTree = "<group>"; };
		47C75B66192FAD0B00995809 /* checked.png */ = {isa = PBXFileReference; lastKnownFileType = image.png; name = checked.png; path = "../photos-2/checked.png"; sourceTree = "<group>"; };
		47C75B76192FAD0B00995809 /* unchecked.png */ = {isa = PBXFileReference; lastKnownFileType = image.png; name = unchecked.png; path = "../photos-2/unchecked.png"; sourceTree = "<group>"; };
		47C75B9719319E3900995809 /* home.png */ = {isa = PBXFileReference; lastKnownFileType = image.png; name = home.png; path = "../photos-2/home.png"; sourceTree = "<group>"; };
		47C75B991931A3FB00995809 /* defaults.plist */ = {isa = PBXFileReference; fileEncoding = 4; lastKnownFileType = text.plist.xml; name = defaults.plist; path = "../../../Documents/iPhone apps/CardGame/CardGame/defaults.plist"; sourceTree = "<group>"; };
		47C75B9B1931AF7400995809 /* en */ = {isa = PBXFileReference; lastKnownFileType = file.storyboard; name = en; path = en.lproj/Main.storyboard; sourceTree = "<group>"; };
		47C75B9D1932D4D000995809 /* images.jpeg */ = {isa = PBXFileReference; lastKnownFileType = image.jpeg; name = images.jpeg; path = "../photos-2/images.jpeg"; sourceTree = "<group>"; };
		47C75B9F1932D4D000995809 /* VBColorPicker-Prefix.pch */ = {isa = PBXFileReference; fileEncoding = 4; lastKnownFileType = sourcecode.c.h; name = "VBColorPicker-Prefix.pch"; path = "../../../Documents/iPhone apps/CardGame/CardGame/VBColorPicker-Prefix.pch"; sourceTree = "<group>"; };
		47C75BA01932D4D000995809 /* VBColorPicker-Info.plist */ = {isa = PBXFileReference; fileEncoding = 4; lastKnownFileType = text.plist.xml; name = "VBColorPicker-Info.plist"; path = "../../../Documents/iPhone apps/CardGame/CardGame/VBColorPicker-Info.plist"; sourceTree = "<group>"; };
		47C75BA11932D4D000995809 /* VBColorPicker.h */ = {isa = PBXFileReference; fileEncoding = 4; lastKnownFileType = sourcecode.c.h; name = VBColorPicker.h; path = "../../../Documents/iPhone apps/CardGame/CardGame/VBColorPicker.h"; sourceTree = "<group>"; };
		47C75BA21932D4D000995809 /* VBColorPicker.m */ = {isa = PBXFileReference; fileEncoding = 4; lastKnownFileType = sourcecode.c.objc; name = VBColorPicker.m; path = "../../../Documents/iPhone apps/CardGame/CardGame/VBColorPicker.m"; sourceTree = "<group>"; };
		47C75BA31932D4D000995809 /* ColorPickerViewController.h */ = {isa = PBXFileReference; fileEncoding = 4; lastKnownFileType = sourcecode.c.h; name = ColorPickerViewController.h; path = "../../../Documents/iPhone apps/CardGame/CardGame/ColorPickerViewController.h"; sourceTree = "<group>"; };
		47C75BA41932D4D000995809 /* ColorPickerViewController.m */ = {isa = PBXFileReference; fileEncoding = 4; lastKnownFileType = sourcecode.c.objc; name = ColorPickerViewController.m; path = "../../../Documents/iPhone apps/CardGame/CardGame/ColorPickerViewController.m"; sourceTree = "<group>"; };
		8D42798818EC6C8C00844EA6 /* Set.app */ = {isa = PBXFileReference; explicitFileType = wrapper.application; includeInIndex = 0; path = Set.app; sourceTree = BUILT_PRODUCTS_DIR; };
		8D42798B18EC6C8C00844EA6 /* Foundation.framework */ = {isa = PBXFileReference; lastKnownFileType = wrapper.framework; name = Foundation.framework; path = System/Library/Frameworks/Foundation.framework; sourceTree = SDKROOT; };
		8D42798D18EC6C8C00844EA6 /* CoreGraphics.framework */ = {isa = PBXFileReference; lastKnownFileType = wrapper.framework; name = CoreGraphics.framework; path = System/Library/Frameworks/CoreGraphics.framework; sourceTree = SDKROOT; };
		8D42798F18EC6C8C00844EA6 /* UIKit.framework */ = {isa = PBXFileReference; lastKnownFileType = wrapper.framework; name = UIKit.framework; path = System/Library/Frameworks/UIKit.framework; sourceTree = SDKROOT; };
		8D42799318EC6C8C00844EA6 /* Set-Info.plist */ = {isa = PBXFileReference; lastKnownFileType = text.plist.xml; path = "Set-Info.plist"; sourceTree = "<group>"; };
		8D42799518EC6C8C00844EA6 /* en */ = {isa = PBXFileReference; lastKnownFileType = text.plist.strings; name = en; path = en.lproj/InfoPlist.strings; sourceTree = "<group>"; };
		8D42799718EC6C8C00844EA6 /* main.m */ = {isa = PBXFileReference; lastKnownFileType = sourcecode.c.objc; path = main.m; sourceTree = "<group>"; };
		8D42799918EC6C8C00844EA6 /* Set-Prefix.pch */ = {isa = PBXFileReference; lastKnownFileType = sourcecode.c.h; path = "Set-Prefix.pch"; sourceTree = "<group>"; };
		8D42799A18EC6C8C00844EA6 /* XYZAppDelegate.h */ = {isa = PBXFileReference; lastKnownFileType = sourcecode.c.h; path = XYZAppDelegate.h; sourceTree = "<group>"; };
		8D42799B18EC6C8C00844EA6 /* XYZAppDelegate.m */ = {isa = PBXFileReference; lastKnownFileType = sourcecode.c.objc; path = XYZAppDelegate.m; sourceTree = "<group>"; };
		8D4279A318EC6C8C00844EA6 /* Images.xcassets */ = {isa = PBXFileReference; lastKnownFileType = folder.assetcatalog; path = Images.xcassets; sourceTree = "<group>"; };
		8D4279A918EC6C8C00844EA6 /* SetTests.xctest */ = {isa = PBXFileReference; explicitFileType = wrapper.cfbundle; includeInIndex = 0; path = SetTests.xctest; sourceTree = BUILT_PRODUCTS_DIR; };
		8D4279AA18EC6C8C00844EA6 /* XCTest.framework */ = {isa = PBXFileReference; lastKnownFileType = wrapper.framework; name = XCTest.framework; path = Library/Frameworks/XCTest.framework; sourceTree = DEVELOPER_DIR; };
		8D4279B218EC6C8C00844EA6 /* SetTests-Info.plist */ = {isa = PBXFileReference; lastKnownFileType = text.plist.xml; path = "SetTests-Info.plist"; sourceTree = "<group>"; };
		8D4279B418EC6C8C00844EA6 /* en */ = {isa = PBXFileReference; lastKnownFileType = text.plist.strings; name = en; path = en.lproj/InfoPlist.strings; sourceTree = "<group>"; };
		8D4279B618EC6C8C00844EA6 /* SetTests.m */ = {isa = PBXFileReference; lastKnownFileType = sourcecode.c.objc; path = SetTests.m; sourceTree = "<group>"; };
		8D67F58C18F496EA00357359 /* XYZplayGame.h */ = {isa = PBXFileReference; fileEncoding = 4; lastKnownFileType = sourcecode.c.h; path = XYZplayGame.h; sourceTree = "<group>"; };
		8D67F58D18F496EA00357359 /* XYZplayGame.m */ = {isa = PBXFileReference; fileEncoding = 4; lastKnownFileType = sourcecode.c.objc; path = XYZplayGame.m; sourceTree = "<group>"; };
		8D96674B18F8652200A9ED5B /* XYZhowToPlay.h */ = {isa = PBXFileReference; fileEncoding = 4; lastKnownFileType = sourcecode.c.h; path = XYZhowToPlay.h; sourceTree = "<group>"; };
		8D96674C18F8652300A9ED5B /* XYZhowToPlay.m */ = {isa = PBXFileReference; fileEncoding = 4; lastKnownFileType = sourcecode.c.objc; path = XYZhowToPlay.m; sourceTree = "<group>"; };
		B84181E8191D483500FBC95A /* MainMenuViewController.h */ = {isa = PBXFileReference; fileEncoding = 4; lastKnownFileType = sourcecode.c.h; path = MainMenuViewController.h; sourceTree = "<group>"; };
		B84181E9191D483500FBC95A /* MainMenuViewController.m */ = {isa = PBXFileReference; fileEncoding = 4; lastKnownFileType = sourcecode.c.objc; path = MainMenuViewController.m; sourceTree = "<group>"; };
/* End PBXFileReference section */

/* Begin PBXFrameworksBuildPhase section */
		8D42798518EC6C8C00844EA6 /* Frameworks */ = {
			isa = PBXFrameworksBuildPhase;
			buildActionMask = 2147483647;
			files = (
				8D42798E18EC6C8C00844EA6 /* CoreGraphics.framework in Frameworks */,
				8D42799018EC6C8C00844EA6 /* UIKit.framework in Frameworks */,
				8D42798C18EC6C8C00844EA6 /* Foundation.framework in Frameworks */,
			);
			runOnlyForDeploymentPostprocessing = 0;
		};
		8D4279A618EC6C8C00844EA6 /* Frameworks */ = {
			isa = PBXFrameworksBuildPhase;
			buildActionMask = 2147483647;
			files = (
				8D4279AB18EC6C8C00844EA6 /* XCTest.framework in Frameworks */,
				8D4279AD18EC6C8C00844EA6 /* UIKit.framework in Frameworks */,
				8D4279AC18EC6C8C00844EA6 /* Foundation.framework in Frameworks */,
			);
			runOnlyForDeploymentPostprocessing = 0;
		};
/* End PBXFrameworksBuildPhase section */

/* Begin PBXGroup section */
		8D42797F18EC6C8C00844EA6 = {
			isa = PBXGroup;
			children = (
				8D42799118EC6C8C00844EA6 /* Set */,
				8D4279B018EC6C8C00844EA6 /* SetTests */,
				8D42798A18EC6C8C00844EA6 /* Frameworks */,
				8D42798918EC6C8C00844EA6 /* Products */,
			);
			sourceTree = "<group>";
		};
		8D42798918EC6C8C00844EA6 /* Products */ = {
			isa = PBXGroup;
			children = (
				8D42798818EC6C8C00844EA6 /* Set.app */,
				8D4279A918EC6C8C00844EA6 /* SetTests.xctest */,
			);
			name = Products;
			sourceTree = "<group>";
		};
		8D42798A18EC6C8C00844EA6 /* Frameworks */ = {
			isa = PBXGroup;
			children = (
				8D42798B18EC6C8C00844EA6 /* Foundation.framework */,
				8D42798D18EC6C8C00844EA6 /* CoreGraphics.framework */,
				8D42798F18EC6C8C00844EA6 /* UIKit.framework */,
				8D4279AA18EC6C8C00844EA6 /* XCTest.framework */,
			);
			name = Frameworks;
			sourceTree = "<group>";
		};
		8D42799118EC6C8C00844EA6 /* Set */ = {
			isa = PBXGroup;
			children = (
				47C58852193647E700BFF563 /* White-Background-Xtra.jpg */,
				47C75B9D1932D4D000995809 /* images.jpeg */,
				47C75B65192FAD0B00995809 /* blueplaid.jpg.png */,
				47C75B66192FAD0B00995809 /* checked.png */,
				47C75B9719319E3900995809 /* home.png */,
				47C75B76192FAD0B00995809 /* unchecked.png */,
				B8670FF5191979930003DC44 /* Model */,
				B84181E7191D460F00FBC95A /* Set Photos */,
				8D42799D18EC6C8C00844EA6 /* Main.storyboard */,
				B84181E8191D483500FBC95A /* MainMenuViewController.h */,
				B84181E9191D483500FBC95A /* MainMenuViewController.m */,
				B867101819197E8C0003DC44 /* View Controllers */,
				8D4279A318EC6C8C00844EA6 /* Images.xcassets */,
				8D42799218EC6C8C00844EA6 /* Supporting Files */,
			);
			path = Set;
			sourceTree = "<group>";
		};
		8D42799218EC6C8C00844EA6 /* Supporting Files */ = {
			isa = PBXGroup;
			children = (
				47C75B9F1932D4D000995809 /* VBColorPicker-Prefix.pch */,
				47C75BA01932D4D000995809 /* VBColorPicker-Info.plist */,
				47C75B991931A3FB00995809 /* defaults.plist */,
				8D42799318EC6C8C00844EA6 /* Set-Info.plist */,
				8D42799418EC6C8C00844EA6 /* InfoPlist.strings */,
				8D42799718EC6C8C00844EA6 /* main.m */,
				8D42799918EC6C8C00844EA6 /* Set-Prefix.pch */,
			);
			name = "Supporting Files";
			sourceTree = "<group>";
		};
		8D4279B018EC6C8C00844EA6 /* SetTests */ = {
			isa = PBXGroup;
			children = (
				8D4279B618EC6C8C00844EA6 /* SetTests.m */,
				8D4279B118EC6C8C00844EA6 /* Supporting Files */,
			);
			path = SetTests;
			sourceTree = "<group>";
		};
		8D4279B118EC6C8C00844EA6 /* Supporting Files */ = {
			isa = PBXGroup;
			children = (
				8D4279B218EC6C8C00844EA6 /* SetTests-Info.plist */,
				8D4279B318EC6C8C00844EA6 /* InfoPlist.strings */,
			);
			name = "Supporting Files";
			sourceTree = "<group>";
		};
		B84181E7191D460F00FBC95A /* Set Photos */ = {
			isa = PBXGroup;
			children = (
			);
			name = "Set Photos";
			sourceTree = "<group>";
		};
		B8670FF5191979930003DC44 /* Model */ = {
			isa = PBXGroup;
			children = (
				47C75B5B192FAB0B00995809 /* SetCardDeck.h */,
				47C75B5C192FAB0B00995809 /* SetCardDeck.m */,
				47C75B5D192FAB0B00995809 /* SetCard.h */,
				47C75B5E192FAB0B00995809 /* SetCard.m */,
				8D42799A18EC6C8C00844EA6 /* XYZAppDelegate.h */,
				8D42799B18EC6C8C00844EA6 /* XYZAppDelegate.m */,
				47C75BA11932D4D000995809 /* VBColorPicker.h */,
				47C75BA21932D4D000995809 /* VBColorPicker.m */,
			);
			name = Model;
			sourceTree = "<group>";
		};
		B867101819197E8C0003DC44 /* View Controllers */ = {
			isa = PBXGroup;
			children = (
				47C75BA31932D4D000995809 /* ColorPickerViewController.h */,
				47C75BA41932D4D000995809 /* ColorPickerViewController.m */,
				47C75B61192FAB6A00995809 /* SettingsViewController.h */,
				47C75B62192FAB6A00995809 /* SettingsViewController.m */,
				8D96674B18F8652200A9ED5B /* XYZhowToPlay.h */,
				8D96674C18F8652300A9ED5B /* XYZhowToPlay.m */,
				8D67F58C18F496EA00357359 /* XYZplayGame.h */,
				8D67F58D18F496EA00357359 /* XYZplayGame.m */,
			);
			name = "View Controllers";
			sourceTree = "<group>";
		};
/* End PBXGroup section */

/* Begin PBXNativeTarget section */
		8D42798718EC6C8C00844EA6 /* Set */ = {
			isa = PBXNativeTarget;
			buildConfigurationList = 8D4279BA18EC6C8C00844EA6 /* Build configuration list for PBXNativeTarget "Set" */;
			buildPhases = (
				8D42798418EC6C8C00844EA6 /* Sources */,
				8D42798518EC6C8C00844EA6 /* Frameworks */,
				8D42798618EC6C8C00844EA6 /* Resources */,
			);
			buildRules = (
			);
			dependencies = (
			);
			name = Set;
			productName = Set;
			productReference = 8D42798818EC6C8C00844EA6 /* Set.app */;
			productType = "com.apple.product-type.application";
		};
		8D4279A818EC6C8C00844EA6 /* SetTests */ = {
			isa = PBXNativeTarget;
			buildConfigurationList = 8D4279BD18EC6C8C00844EA6 /* Build configuration list for PBXNativeTarget "SetTests" */;
			buildPhases = (
				8D4279A518EC6C8C00844EA6 /* Sources */,
				8D4279A618EC6C8C00844EA6 /* Frameworks */,
				8D4279A718EC6C8C00844EA6 /* Resources */,
			);
			buildRules = (
			);
			dependencies = (
				8D4279AF18EC6C8C00844EA6 /* PBXTargetDependency */,
			);
			name = SetTests;
			productName = SetTests;
			productReference = 8D4279A918EC6C8C00844EA6 /* SetTests.xctest */;
			productType = "com.apple.product-type.bundle.unit-test";
		};
/* End PBXNativeTarget section */

/* Begin PBXProject section */
		8D42798018EC6C8C00844EA6 /* Project object */ = {
			isa = PBXProject;
			attributes = {
				CLASSPREFIX = XYZ;
				LastUpgradeCheck = 0510;
				ORGANIZATIONNAME = "Yael Goldstein";
				TargetAttributes = {
					8D42798718EC6C8C00844EA6 = {
						DevelopmentTeam = SGFJ7MF62G;
					};
					8D4279A818EC6C8C00844EA6 = {
						TestTargetID = 8D42798718EC6C8C00844EA6;
					};
				};
			};
			buildConfigurationList = 8D42798318EC6C8C00844EA6 /* Build configuration list for PBXProject "Set" */;
			compatibilityVersion = "Xcode 3.2";
			developmentRegion = English;
			hasScannedForEncodings = 0;
			knownRegions = (
				en,
				Base,
			);
			mainGroup = 8D42797F18EC6C8C00844EA6;
			productRefGroup = 8D42798918EC6C8C00844EA6 /* Products */;
			projectDirPath = "";
			projectRoot = "";
			targets = (
				8D42798718EC6C8C00844EA6 /* Set */,
				8D4279A818EC6C8C00844EA6 /* SetTests */,
			);
		};
/* End PBXProject section */

/* Begin PBXResourcesBuildPhase section */
		8D42798618EC6C8C00844EA6 /* Resources */ = {
			isa = PBXResourcesBuildPhase;
			buildActionMask = 2147483647;
			files = (
				8D4279A418EC6C8C00844EA6 /* Images.xcassets in Resources */,
				47C75BA61932D4D000995809 /* images.jpeg in Resources */,
				8D42799618EC6C8C00844EA6 /* InfoPlist.strings in Resources */,
				47C58853193647E700BFF563 /* White-Background-Xtra.jpg in Resources */,
				47C75BA81932D4D000995809 /* VBColorPicker-Info.plist in Resources */,
				8D42799F18EC6C8C00844EA6 /* Main.storyboard in Resources */,
				47C75B89192FAD0B00995809 /* unchecked.png in Resources */,
				47C75B9A1931A3FB00995809 /* defaults.plist in Resources */,
				47C75B78192FAD0B00995809 /* blueplaid.jpg.png in Resources */,
				47C75B79192FAD0B00995809 /* checked.png in Resources */,
				47C75B9819319E3900995809 /* home.png in Resources */,
			);
			runOnlyForDeploymentPostprocessing = 0;
		};
		8D4279A718EC6C8C00844EA6 /* Resources */ = {
			isa = PBXResourcesBuildPhase;
			buildActionMask = 2147483647;
			files = (
				8D4279B518EC6C8C00844EA6 /* InfoPlist.strings in Resources */,
			);
			runOnlyForDeploymentPostprocessing = 0;
		};
/* End PBXResourcesBuildPhase section */

/* Begin PBXSourcesBuildPhase section */
		8D42798418EC6C8C00844EA6 /* Sources */ = {
			isa = PBXSourcesBuildPhase;
			buildActionMask = 2147483647;
			files = (
				B84181EA191D483500FBC95A /* MainMenuViewController.m in Sources */,
				47C75B60192FAB0B00995809 /* SetCard.m in Sources */,
				8D42799C18EC6C8C00844EA6 /* XYZAppDelegate.m in Sources */,
				8D42799818EC6C8C00844EA6 /* main.m in Sources */,
				47C75B5F192FAB0B00995809 /* SetCardDeck.m in Sources */,
				47C75B63192FAB6A00995809 /* SettingsViewController.m in Sources */,
				47C75BAA1932D4D000995809 /* ColorPickerViewController.m in Sources */,
				47C75BA91932D4D000995809 /* VBColorPicker.m in Sources */,
				8D67F58E18F496EA00357359 /* XYZplayGame.m in Sources */,
				8D96674D18F8652300A9ED5B /* XYZhowToPlay.m in Sources */,
			);
			runOnlyForDeploymentPostprocessing = 0;
		};
		8D4279A518EC6C8C00844EA6 /* Sources */ = {
			isa = PBXSourcesBuildPhase;
			buildActionMask = 2147483647;
			files = (
				8D4279B718EC6C8C00844EA6 /* SetTests.m in Sources */,
			);
			runOnlyForDeploymentPostprocessing = 0;
		};
/* End PBXSourcesBuildPhase section */

/* Begin PBXTargetDependency section */
		8D4279AF18EC6C8C00844EA6 /* PBXTargetDependency */ = {
			isa = PBXTargetDependency;
			target = 8D42798718EC6C8C00844EA6 /* Set */;
			targetProxy = 8D4279AE18EC6C8C00844EA6 /* PBXContainerItemProxy */;
		};
/* End PBXTargetDependency section */

/* Begin PBXVariantGroup section */
		8D42799418EC6C8C00844EA6 /* InfoPlist.strings */ = {
			isa = PBXVariantGroup;
			children = (
				8D42799518EC6C8C00844EA6 /* en */,
			);
			name = InfoPlist.strings;
			sourceTree = "<group>";
		};
		8D42799D18EC6C8C00844EA6 /* Main.storyboard */ = {
			isa = PBXVariantGroup;
			children = (
				47C75B9B1931AF7400995809 /* en */,
			);
			name = Main.storyboard;
			sourceTree = "<group>";
		};
		8D4279B318EC6C8C00844EA6 /* InfoPlist.strings */ = {
			isa = PBXVariantGroup;
			children = (
				8D4279B418EC6C8C00844EA6 /* en */,
			);
			name = InfoPlist.strings;
			sourceTree = "<group>";
		};
/* End PBXVariantGroup section */

/* Begin XCBuildConfiguration section */
		8D4279B818EC6C8C00844EA6 /* Debug */ = {
			isa = XCBuildConfiguration;
			buildSettings = {
				ALWAYS_SEARCH_USER_PATHS = NO;
				CLANG_CXX_LANGUAGE_STANDARD = "gnu++0x";
				CLANG_CXX_LIBRARY = "libc++";
				CLANG_ENABLE_MODULES = YES;
				CLANG_ENABLE_OBJC_ARC = YES;
				CLANG_WARN_BOOL_CONVERSION = YES;
				CLANG_WARN_CONSTANT_CONVERSION = YES;
				CLANG_WARN_DIRECT_OBJC_ISA_USAGE = YES_ERROR;
				CLANG_WARN_EMPTY_BODY = YES;
				CLANG_WARN_ENUM_CONVERSION = YES;
				CLANG_WARN_INT_CONVERSION = YES;
				CLANG_WARN_OBJC_ROOT_CLASS = YES_ERROR;
				CLANG_WARN__DUPLICATE_METHOD_MATCH = YES;
				"CODE_SIGN_IDENTITY[sdk=iphoneos*]" = "iPhone Developer";
				COPY_PHASE_STRIP = NO;
				GCC_C_LANGUAGE_STANDARD = gnu99;
				GCC_DYNAMIC_NO_PIC = NO;
				GCC_OPTIMIZATION_LEVEL = 0;
				GCC_PREPROCESSOR_DEFINITIONS = (
					"DEBUG=1",
					"$(inherited)",
				);
				GCC_SYMBOLS_PRIVATE_EXTERN = NO;
				GCC_WARN_64_TO_32_BIT_CONVERSION = YES;
				GCC_WARN_ABOUT_RETURN_TYPE = YES_ERROR;
				GCC_WARN_UNDECLARED_SELECTOR = YES;
				GCC_WARN_UNINITIALIZED_AUTOS = YES_AGGRESSIVE;
				GCC_WARN_UNUSED_FUNCTION = YES;
				GCC_WARN_UNUSED_VARIABLE = YES;
				IPHONEOS_DEPLOYMENT_TARGET = 7.1;
				ONLY_ACTIVE_ARCH = YES;
				SDKROOT = iphoneos;
			};
			name = Debug;
		};
		8D4279B918EC6C8C00844EA6 /* Release */ = {
			isa = XCBuildConfiguration;
			buildSettings = {
				ALWAYS_SEARCH_USER_PATHS = NO;
				CLANG_CXX_LANGUAGE_STANDARD = "gnu++0x";
				CLANG_CXX_LIBRARY = "libc++";
				CLANG_ENABLE_MODULES = YES;
				CLANG_ENABLE_OBJC_ARC = YES;
				CLANG_WARN_BOOL_CONVERSION = YES;
				CLANG_WARN_CONSTANT_CONVERSION = YES;
				CLANG_WARN_DIRECT_OBJC_ISA_USAGE = YES_ERROR;
				CLANG_WARN_EMPTY_BODY = YES;
				CLANG_WARN_ENUM_CONVERSION = YES;
				CLANG_WARN_INT_CONVERSION = YES;
				CLANG_WARN_OBJC_ROOT_CLASS = YES_ERROR;
				CLANG_WARN__DUPLICATE_METHOD_MATCH = YES;
				"CODE_SIGN_IDENTITY[sdk=iphoneos*]" = "iPhone Developer";
				COPY_PHASE_STRIP = YES;
				ENABLE_NS_ASSERTIONS = NO;
				GCC_C_LANGUAGE_STANDARD = gnu99;
				GCC_WARN_64_TO_32_BIT_CONVERSION = YES;
				GCC_WARN_ABOUT_RETURN_TYPE = YES_ERROR;
				GCC_WARN_UNDECLARED_SELECTOR = YES;
				GCC_WARN_UNINITIALIZED_AUTOS = YES_AGGRESSIVE;
				GCC_WARN_UNUSED_FUNCTION = YES;
				GCC_WARN_UNUSED_VARIABLE = YES;
				IPHONEOS_DEPLOYMENT_TARGET = 7.1;
				SDKROOT = iphoneos;
				VALIDATE_PRODUCT = YES;
			};
			name = Release;
		};
		8D4279BB18EC6C8C00844EA6 /* Debug */ = {
			isa = XCBuildConfiguration;
			buildSettings = {
				ASSETCATALOG_COMPILER_APPICON_NAME = AppIcon;
				ASSETCATALOG_COMPILER_LAUNCHIMAGE_NAME = LaunchImage;
				CODE_SIGN_IDENTITY = "iPhone Developer";
				GCC_PRECOMPILE_PREFIX_HEADER = YES;
				GCC_PREFIX_HEADER = "Set/Set-Prefix.pch";
				INFOPLIST_FILE = "Set/Set-Info.plist";
				IPHONEOS_DEPLOYMENT_TARGET = 7.0;
				PRODUCT_NAME = "$(TARGET_NAME)";
				TARGETED_DEVICE_FAMILY = 1;
				WRAPPER_EXTENSION = app;
			};
			name = Debug;
		};
		8D4279BC18EC6C8C00844EA6 /* Release */ = {
			isa = XCBuildConfiguration;
			buildSettings = {
				ASSETCATALOG_COMPILER_APPICON_NAME = AppIcon;
				ASSETCATALOG_COMPILER_LAUNCHIMAGE_NAME = LaunchImage;
				CODE_SIGN_IDENTITY = "iPhone Developer";
				GCC_PRECOMPILE_PREFIX_HEADER = YES;
				GCC_PREFIX_HEADER = "Set/Set-Prefix.pch";
				INFOPLIST_FILE = "Set/Set-Info.plist";
				IPHONEOS_DEPLOYMENT_TARGET = 7.0;
				PRODUCT_NAME = "$(TARGET_NAME)";
				TARGETED_DEVICE_FAMILY = 1;
				WRAPPER_EXTENSION = app;
			};
			name = Release;
		};
		8D4279BE18EC6C8C00844EA6 /* Debug */ = {
			isa = XCBuildConfiguration;
			buildSettings = {
				BUNDLE_LOADER = "$(BUILT_PRODUCTS_DIR)/Set.app/Set";
				FRAMEWORK_SEARCH_PATHS = (
					"$(SDKROOT)/Developer/Library/Frameworks",
					"$(inherited)",
					"$(DEVELOPER_FRAMEWORKS_DIR)",
				);
				GCC_PRECOMPILE_PREFIX_HEADER = YES;
				GCC_PREFIX_HEADER = "Set/Set-Prefix.pch";
				GCC_PREPROCESSOR_DEFINITIONS = (
					"DEBUG=1",
					"$(inherited)",
				);
				INFOPLIST_FILE = "SetTests/SetTests-Info.plist";
				IPHONEOS_DEPLOYMENT_TARGET = 7.0;
				PRODUCT_NAME = "$(TARGET_NAME)";
				TEST_HOST = "$(BUNDLE_LOADER)";
				WRAPPER_EXTENSION = xctest;
			};
			name = Debug;
		};
		8D4279BF18EC6C8C00844EA6 /* Release */ = {
			isa = XCBuildConfiguration;
			buildSettings = {
				BUNDLE_LOADER = "$(BUILT_PRODUCTS_DIR)/Set.app/Set";
				FRAMEWORK_SEARCH_PATHS = (
					"$(SDKROOT)/Developer/Library/Frameworks",
					"$(inherited)",
					"$(DEVELOPER_FRAMEWORKS_DIR)",
				);
				GCC_PRECOMPILE_PREFIX_HEADER = YES;
				GCC_PREFIX_HEADER = "Set/Set-Prefix.pch";
				INFOPLIST_FILE = "SetTests/SetTests-Info.plist";
				IPHONEOS_DEPLOYMENT_TARGET = 7.0;
				PRODUCT_NAME = "$(TARGET_NAME)";
				TEST_HOST = "$(BUNDLE_LOADER)";
				WRAPPER_EXTENSION = xctest;
			};
			name = Release;
		};
/* End XCBuildConfiguration section */

/* Begin XCConfigurationList section */
		8D42798318EC6C8C00844EA6 /* Build configuration list for PBXProject "Set" */ = {
			isa = XCConfigurationList;
			buildConfigurations = (
				8D4279B818EC6C8C00844EA6 /* Debug */,
				8D4279B918EC6C8C00844EA6 /* Release */,
			);
			defaultConfigurationIsVisible = 0;
			defaultConfigurationName = Release;
		};
		8D4279BA18EC6C8C00844EA6 /* Build configuration list for PBXNativeTarget "Set" */ = {
			isa = XCConfigurationList;
			buildConfigurations = (
				8D4279BB18EC6C8C00844EA6 /* Debug */,
				8D4279BC18EC6C8C00844EA6 /* Release */,
			);
			defaultConfigurationIsVisible = 0;
			defaultConfigurationName = Release;
		};
		8D4279BD18EC6C8C00844EA6 /* Build configuration list for PBXNativeTarget "SetTests" */ = {
			isa = XCConfigurationList;
			buildConfigurations = (
				8D4279BE18EC6C8C00844EA6 /* Debug */,
				8D4279BF18EC6C8C00844EA6 /* Release */,
			);
			defaultConfigurationIsVisible = 0;
			defaultConfigurationName = Release;
		};
/* End XCConfigurationList section */
	};
	rootObject = 8D42798018EC6C8C00844EA6 /* Project object */;
}
